
Microsoft Visual Studio Solution File, Format Version 12.00
# Visual Studio Version 16
VisualStudioVersion = 16.0.30204.135
MinimumVisualStudioVersion = 10.0.40219.1
Project("{FAE04EC0-301F-11D3-BF4B-00C04F79EFBC}") = "baith7", "baith7\baith7.csproj", "{6C4526C6-3B36-4324-B67D-A61BE25A81E5}"
EndProject
Global
	GlobalSection(SolutionConfigurationPlatforms) = preSolution
		Debug|Any CPU = Debug|Any CPU
		Release|Any CPU = Release|Any CPU
	EndGlobalSection
	GlobalSection(ProjectConfigurationPlatforms) = postSolution
		{6C4526C6-3B36-4324-B67D-A61BE25A81E5}.Debug|Any CPU.ActiveCfg = Debug|Any CPU
		{6C4526C6-3B36-4324-B67D-A61BE25A81E5}.Debug|Any CPU.Build.0 = Debug|Any CPU
		{6C4526C6-3B36-4324-B67D-A61BE25A81E5}.Release|Any CPU.ActiveCfg = Release|Any CPU
		{6C4526C6-3B36-4324-B67D-A61BE25A81E5}.Release|Any CPU.Build.0 = Release|Any CPU
	EndGlobalSection
	GlobalSection(SolutionProperties) = preSolution
		HideSolutionNode = FALSE
	EndGlobalSection
	GlobalSection(ExtensibilityGlobals) = postSolution
		SolutionGuid = {F639DDC4-4BA3-4813-A4F4-3F78C3ABEA8C}
	EndGlobalSection
EndGlobal
